
Microsoft Visual Studio Solution File, Format Version 12.00
# Visual Studio Version 16
VisualStudioVersion = 16.0.30204.135
MinimumVisualStudioVersion = 10.0.40219.1
Project("{FAE04EC0-301F-11D3-BF4B-00C04F79EFBC}") = "Clock", "Clock.csproj", "{04DE2536-27BD-4B92-BA3E-AC77B4425364}"
EndProject
Global
	GlobalSection(SolutionConfigurationPlatforms) = preSolution
		Debug|Any CPU = Debug|Any CPU
		Release|Any CPU = Release|Any CPU
	EndGlobalSection
	GlobalSection(ProjectConfigurationPlatforms) = postSolution
		{04DE2536-27BD-4B92-BA3E-AC77B4425364}.Debug|Any CPU.ActiveCfg = Debug|Any CPU
		{04DE2536-27BD-4B92-BA3E-AC77B4425364}.Debug|Any CPU.Build.0 = Debug|Any CPU
		{04DE2536-27BD-4B92-BA3E-AC77B4425364}.Release|Any CPU.ActiveCfg = Release|Any CPU
		{04DE2536-27BD-4B92-BA3E-AC77B4425364}.Release|Any CPU.Build.0 = Release|Any CPU
	EndGlobalSection
	GlobalSection(SolutionProperties) = preSolution
		HideSolutionNode = FALSE
	EndGlobalSection
	GlobalSection(ExtensibilityGlobals) = postSolution
		SolutionGuid = {DE2622C0-BC96-49A6-9630-A43135DFAA7F}
	EndGlobalSection
EndGlobal
